<?xml version="1.0" encoding="utf-8"?>
<Project ToolsVersion="4.0" xmlns="http://schemas.microsoft.com/developer/msbuild/2003">
  <ItemGroup>
    <ClCompile Include="main.cpp" />
    <ClCompile Include="OpenGLWindow.cpp" />
    <ClCompile Include="OpenGLWindow_moc.cpp" />
    <ClCompile Include="CustomMainWindow.cpp" />
    <ClCompile Include="Editor.cpp" />
    <ClCompile Include="KeyMapper.cpp" />
    <ClCompile Include="ControllerComponent.cpp" />
    <ClCompile Include="CameraController.cpp" />
    <ClCompile Include="win32_Editor.cpp" />
  </ItemGroup>
  <ItemGroup>
    <ClInclude Include="OpenGLWindow.h" />
    <ClInclude Include="CustomMainWindow.h" />
    <ClInclude Include="Editor.h" />
    <ClInclude Include="KeyMapper.h" />
    <ClInclude Include="MenuChoise.h" />
    <ClInclude Include="ControllerComponent.h" />
    <ClInclude Include="CameraController.h" />
  </ItemGroup>
</Project>