<?xml version="1.0" encoding="utf-8"?>
<Project ToolsVersion="4.0" xmlns="http://schemas.microsoft.com/developer/msbuild/2003">
  <ItemGroup>
    <ClCompile Include="Editor.cpp" />
    <ClCompile Include="KeyMapper.cpp" />
    <ClCompile Include="ControllerComponent.cpp" />
    <ClCompile Include="CameraController.cpp" />
    <ClCompile Include="win32_Editor.cpp" />
    <ClCompile Include="Scenes\SimpleGame.cpp">
      <Filter>Scenes</Filter>
    </ClCompile>
    <ClCompile Include="IORedirect.cpp" />
    <ClCompile Include="Scenes\Cubes.cpp">
      <Filter>Scenes</Filter>
    </ClCompile>
    <ClCompile Include="ShapeController.cpp" />
    <ClCompile Include="Scenes\Collision.cpp">
      <Filter>Scenes</Filter>
    </ClCompile>
  </ItemGroup>
  <ItemGroup>
    <ClInclude Include="Editor.h" />
    <ClInclude Include="KeyMapper.h" />
    <ClInclude Include="MenuChoise.h" />
    <ClInclude Include="ControllerComponent.h" />
    <ClInclude Include="CameraController.h" />
    <ClInclude Include="Scenes\SimpleGame.h">
      <Filter>Scenes</Filter>
    </ClInclude>
    <ClInclude Include="IORedirect.h" />
    <ClInclude Include="Scenes\Cubes.hpp">
      <Filter>Scenes</Filter>
    </ClInclude>
    <ClInclude Include="ShapeController.h" />
    <ClInclude Include="Scenes\Collision.h">
      <Filter>Scenes</Filter>
    </ClInclude>
  </ItemGroup>
  <ItemGroup>
    <Filter Include="Scenes">
      <UniqueIdentifier>{17a21551-e84d-4bd2-b376-91d77fda0991}</UniqueIdentifier>
    </Filter>
  </ItemGroup>
</Project>