<?xml version="1.0" encoding="utf-8"?>
<Project ToolsVersion="4.0" xmlns="http://schemas.microsoft.com/developer/msbuild/2003">
  <ItemGroup>
    <ClCompile Include="main.cpp" />
    <ClCompile Include="..\..\3rdParty\gtest\src\gtest-all.cc" />
    <ClCompile Include="Math\Vec2Test.cpp">
      <Filter>Math</Filter>
    </ClCompile>
    <ClCompile Include="Math\Vec3Test.cpp">
      <Filter>Math</Filter>
    </ClCompile>
    <ClCompile Include="Math\Mat2Test.cpp">
      <Filter>Math</Filter>
    </ClCompile>
    <ClCompile Include="Math\Mat3Test.cpp">
      <Filter>Math</Filter>
    </ClCompile>
    <ClCompile Include="DebugToolsTest\ProfilerTest.cpp">
      <Filter>DebugToolsTest</Filter>
    </ClCompile>
    <ClCompile Include="Math\Mat4Test.cpp">
      <Filter>Math</Filter>
    </ClCompile>
  </ItemGroup>
  <ItemGroup>
    <Filter Include="Math">
      <UniqueIdentifier>{e2d177a6-7bea-4845-a6a2-88fbf476e48f}</UniqueIdentifier>
    </Filter>
    <Filter Include="DebugToolsTest">
      <UniqueIdentifier>{810009de-5f53-4d76-90e7-7e988d05847c}</UniqueIdentifier>
    </Filter>
  </ItemGroup>
  <ItemGroup>
    <ClInclude Include="Math\MathTestHelper.h">
      <Filter>Math</Filter>
    </ClInclude>
  </ItemGroup>
</Project>