<?xml version="1.0" encoding="utf-8"?>
<Project ToolsVersion="4.0" xmlns="http://schemas.microsoft.com/developer/msbuild/2003">
  <ItemGroup>
    <ClCompile Include="Engine.cpp" />
    <ClCompile Include="Math\Mat2.cpp">
      <Filter>Math</Filter>
    </ClCompile>
    <ClCompile Include="Math\Mat3.cpp">
      <Filter>Math</Filter>
    </ClCompile>
    <ClCompile Include="DebugTools\Profiler.cpp">
      <Filter>DebugTools</Filter>
    </ClCompile>
    <ClCompile Include="Rendering\Renderer.cpp">
      <Filter>Rendering</Filter>
    </ClCompile>
    <ClCompile Include="Entities\Entity.cpp">
      <Filter>Entities</Filter>
    </ClCompile>
    <ClCompile Include="Input\KeyInput.cpp">
      <Filter>Input</Filter>
    </ClCompile>
    <ClCompile Include="Math\Mat4.cpp">
      <Filter>Math</Filter>
    </ClCompile>
    <ClCompile Include="Rendering\Shader.cpp">
      <Filter>Rendering</Filter>
    </ClCompile>
    <ClCompile Include="Entities\Components\Boundary.cpp">
      <Filter>Entities\Components</Filter>
    </ClCompile>
    <ClCompile Include="Entities\Components\Positional.cpp">
      <Filter>Entities\Components</Filter>
    </ClCompile>
    <ClCompile Include="Entities\Components\Physics.cpp">
      <Filter>Entities\Components</Filter>
    </ClCompile>
    <ClCompile Include="Entities\Components\Lerp.cpp">
      <Filter>Entities\Components</Filter>
    </ClCompile>
    <ClCompile Include="Rendering\Renderable.cpp">
      <Filter>Rendering</Filter>
    </ClCompile>
    <ClCompile Include="Rendering\OpenGLModel.cpp">
      <Filter>Rendering</Filter>
    </ClCompile>
  </ItemGroup>
  <ItemGroup>
    <ClInclude Include="Engine.h" />
    <ClInclude Include="Math\Vec2.h">
      <Filter>Math</Filter>
    </ClInclude>
    <ClInclude Include="Math\Vec3.h">
      <Filter>Math</Filter>
    </ClInclude>
    <ClInclude Include="Math\Mat4.h">
      <Filter>Math</Filter>
    </ClInclude>
    <ClInclude Include="Math\Mat2.h">
      <Filter>Math</Filter>
    </ClInclude>
    <ClInclude Include="DllHelper.h" />
    <ClInclude Include="Math\Constants.h">
      <Filter>Math</Filter>
    </ClInclude>
    <ClInclude Include="Math\Mat3.h">
      <Filter>Math</Filter>
    </ClInclude>
    <ClInclude Include="DebugTools\Profiler.h">
      <Filter>DebugTools</Filter>
    </ClInclude>
    <ClInclude Include="DebugTools\DebugTools.h">
      <Filter>DebugTools</Filter>
    </ClInclude>
    <ClInclude Include="DebugTools\Profile.h">
      <Filter>DebugTools</Filter>
    </ClInclude>
    <ClInclude Include="Rendering\Renderable.h">
      <Filter>Rendering</Filter>
    </ClInclude>
    <ClInclude Include="Rendering\Renderer.h">
      <Filter>Rendering</Filter>
    </ClInclude>
    <ClInclude Include="Entities\Entity.h">
      <Filter>Entities</Filter>
    </ClInclude>
    <ClInclude Include="Entities\Component.h">
      <Filter>Entities</Filter>
    </ClInclude>
    <ClInclude Include="Input\KeyMapperInterface.h">
      <Filter>Input</Filter>
    </ClInclude>
    <ClInclude Include="Input\KeyInput.h">
      <Filter>Input</Filter>
    </ClInclude>
    <ClInclude Include="Rendering\Shader.h">
      <Filter>Rendering</Filter>
    </ClInclude>
    <ClInclude Include="EngineException.h" />
    <ClInclude Include="Assert\AssertException.h">
      <Filter>Assert</Filter>
    </ClInclude>
    <ClInclude Include="Entities\Components\Boundary.h">
      <Filter>Entities\Components</Filter>
    </ClInclude>
    <ClInclude Include="Entities\Components\Positional.h">
      <Filter>Entities\Components</Filter>
    </ClInclude>
    <ClInclude Include="Entities\Components\Physics.h">
      <Filter>Entities\Components</Filter>
    </ClInclude>
    <ClInclude Include="Entities\Components\Lerp.h">
      <Filter>Entities\Components</Filter>
    </ClInclude>
    <ClInclude Include="Rendering\OpenGLModel.h">
      <Filter>Rendering</Filter>
    </ClInclude>
  </ItemGroup>
  <ItemGroup>
    <Filter Include="Math">
      <UniqueIdentifier>{c342501c-0d91-482b-bba0-522accaed619}</UniqueIdentifier>
    </Filter>
    <Filter Include="DebugTools">
      <UniqueIdentifier>{83870d44-0a00-481c-a2cd-0bb3e2352bd0}</UniqueIdentifier>
    </Filter>
    <Filter Include="Rendering">
      <UniqueIdentifier>{6a84ab91-3ca7-458e-b1c1-40dcc9ef807a}</UniqueIdentifier>
    </Filter>
    <Filter Include="Entities">
      <UniqueIdentifier>{dd914229-8d86-45bb-a6d1-001be722fe5c}</UniqueIdentifier>
    </Filter>
    <Filter Include="Entities\Components">
      <UniqueIdentifier>{d18bcb3a-2584-4dd4-a272-f643d3b2ccd5}</UniqueIdentifier>
    </Filter>
    <Filter Include="Input">
      <UniqueIdentifier>{51180e39-f851-43c5-8fd6-2313a9c26f5d}</UniqueIdentifier>
    </Filter>
    <Filter Include="Assert">
      <UniqueIdentifier>{e0391299-ec22-4c9f-bbb0-18ef97e7c58e}</UniqueIdentifier>
    </Filter>
  </ItemGroup>
</Project>